
Microsoft Visual Studio Solution File, Format Version 12.00
# Visual Studio Version 17
VisualStudioVersion = 17.5.002.0
MinimumVisualStudioVersion = 10.0.40219.1
Project("{2150E333-8FDC-42A3-9474-1A3956D46DE8}") = "csharp-prep", "csharp-prep", "{D592A14B-52F8-4760-968F-48ACB7472F49}"
EndProject
Project("{9A19103F-16F7-4668-BE54-9A1E7A4F7556}") = "Prep1", "csharp-prep\Prep1\Prep1.csproj", "{210AE5D8-B3DB-4F03-ACFE-92A21947151B}"
EndProject
Project("{9A19103F-16F7-4668-BE54-9A1E7A4F7556}") = "Prep2", "csharp-prep\Prep2\Prep2.csproj", "{7806943B-EF16-4894-954E-E28916AA4E2F}"
EndProject
Project("{9A19103F-16F7-4668-BE54-9A1E7A4F7556}") = "Prep3", "csharp-prep\Prep3\Prep3.csproj", "{4A0E37D9-210F-47CE-8E21-9ED6FE3E4272}"
EndProject
Project("{9A19103F-16F7-4668-BE54-9A1E7A4F7556}") = "Prep4", "csharp-prep\Prep4\Prep4.csproj", "{34E694CA-F1C7-4767-B18E-6601744AD79C}"
EndProject
Project("{9A19103F-16F7-4668-BE54-9A1E7A4F7556}") = "Prep5", "csharp-prep\Prep5\Prep5.csproj", "{DBF0873C-5F60-478C-BEBE-2EC688BD8EB2}"
EndProject
Project("{2150E333-8FDC-42A3-9474-1A3956D46DE8}") = "final", "final", "{0F5F18FD-D376-4FB2-A34E-BCE76BD6F44E}"
EndProject
Project("{9A19103F-16F7-4668-BE54-9A1E7A4F7556}") = "FinalProject", "final\FinalProject\FinalProject.csproj", "{6332D73D-EAC3-482A-A543-C1A03548D70C}"
EndProject
Project("{9A19103F-16F7-4668-BE54-9A1E7A4F7556}") = "Foundation1", "final\Foundation1\Foundation1.csproj", "{92029721-BB52-4C8F-82CC-1613A6CD61C1}"
EndProject
Project("{9A19103F-16F7-4668-BE54-9A1E7A4F7556}") = "Foundation2", "final\Foundation2\Foundation2.csproj", "{670F6EC0-A972-45F1-AFD3-DCCA26E693A3}"
EndProject
Project("{9A19103F-16F7-4668-BE54-9A1E7A4F7556}") = "Foundation3", "final\Foundation3\Foundation3.csproj", "{EA1FB0C8-115A-470F-B898-E7BFDF43336B}"
EndProject
Project("{9A19103F-16F7-4668-BE54-9A1E7A4F7556}") = "Foundation4", "final\Foundation4\Foundation4.csproj", "{B8AFE6A0-496E-4974-9097-C51B2419EF58}"
EndProject
Project("{2150E333-8FDC-42A3-9474-1A3956D46DE8}") = "prepare", "prepare", "{70499E6C-2F31-4353-9C15-939ED76176A3}"
EndProject
Project("{9A19103F-16F7-4668-BE54-9A1E7A4F7556}") = "Learning02", "prepare\Learning02\Learning02.csproj", "{02AA1C86-FE9F-42CC-AA63-16BE20A7AF6E}"
EndProject
Project("{9A19103F-16F7-4668-BE54-9A1E7A4F7556}") = "Learning03", "prepare\Learning03\Learning03.csproj", "{B80356E5-5225-4A82-9BB0-524DC14C93E0}"
EndProject
Project("{9A19103F-16F7-4668-BE54-9A1E7A4F7556}") = "Learning04", "prepare\Learning04\Learning04.csproj", "{4DBDBBA9-8F9B-4702-91CC-C8ABFCA334EF}"
EndProject
Project("{9A19103F-16F7-4668-BE54-9A1E7A4F7556}") = "Learning05", "prepare\Learning05\Learning05.csproj", "{DB090788-4FC3-4263-8772-C98F5D9EE4B6}"
EndProject
Project("{2150E333-8FDC-42A3-9474-1A3956D46DE8}") = "prove", "prove", "{883B4996-0FE9-4A71-ABE5-DFFE92EC48C8}"
EndProject
Project("{9A19103F-16F7-4668-BE54-9A1E7A4F7556}") = "Develop02", "prove\Develop02\Develop02.csproj", "{21F2F97E-77C3-4E2A-9FFD-A349EAB21C1F}"
EndProject
Project("{9A19103F-16F7-4668-BE54-9A1E7A4F7556}") = "Develop03", "prove\Develop03\Develop03.csproj", "{EC5E6F8C-67A3-4A8C-B79E-DF1FD4661CAA}"
EndProject
Project("{9A19103F-16F7-4668-BE54-9A1E7A4F7556}") = "Develop04", "prove\Develop04\Develop04.csproj", "{451A8AD6-7AF3-4D6E-BBEA-EA4CCC71AB3E}"
EndProject
Project("{9A19103F-16F7-4668-BE54-9A1E7A4F7556}") = "Develop05", "prove\Develop05\Develop05.csproj", "{D9C21FFC-542A-40A1-86ED-AFC6C04B777F}"
EndProject
Project("{2150E333-8FDC-42A3-9474-1A3956D46DE8}") = "sandbox", "sandbox", "{FFFFCCDB-A131-40E4-83D9-BECFC7CF0BD0}"
EndProject
Project("{9A19103F-16F7-4668-BE54-9A1E7A4F7556}") = "Sandbox", "sandbox\Sandbox\Sandbox.csproj", "{C15DC92F-DE93-48FF-ACA9-B1B5D5200B1C}"
EndProject
Global
	GlobalSection(SolutionConfigurationPlatforms) = preSolution
		Debug|Any CPU = Debug|Any CPU
		Release|Any CPU = Release|Any CPU
	EndGlobalSection
	GlobalSection(ProjectConfigurationPlatforms) = postSolution
		{210AE5D8-B3DB-4F03-ACFE-92A21947151B}.Debug|Any CPU.ActiveCfg = Debug|Any CPU
		{210AE5D8-B3DB-4F03-ACFE-92A21947151B}.Debug|Any CPU.Build.0 = Debug|Any CPU
		{210AE5D8-B3DB-4F03-ACFE-92A21947151B}.Release|Any CPU.ActiveCfg = Release|Any CPU
		{210AE5D8-B3DB-4F03-ACFE-92A21947151B}.Release|Any CPU.Build.0 = Release|Any CPU
		{7806943B-EF16-4894-954E-E28916AA4E2F}.Debug|Any CPU.ActiveCfg = Debug|Any CPU
		{7806943B-EF16-4894-954E-E28916AA4E2F}.Debug|Any CPU.Build.0 = Debug|Any CPU
		{7806943B-EF16-4894-954E-E28916AA4E2F}.Release|Any CPU.ActiveCfg = Release|Any CPU
		{7806943B-EF16-4894-954E-E28916AA4E2F}.Release|Any CPU.Build.0 = Release|Any CPU
		{4A0E37D9-210F-47CE-8E21-9ED6FE3E4272}.Debug|Any CPU.ActiveCfg = Debug|Any CPU
		{4A0E37D9-210F-47CE-8E21-9ED6FE3E4272}.Debug|Any CPU.Build.0 = Debug|Any CPU
		{4A0E37D9-210F-47CE-8E21-9ED6FE3E4272}.Release|Any CPU.ActiveCfg = Release|Any CPU
		{4A0E37D9-210F-47CE-8E21-9ED6FE3E4272}.Release|Any CPU.Build.0 = Release|Any CPU
		{34E694CA-F1C7-4767-B18E-6601744AD79C}.Debug|Any CPU.ActiveCfg = Debug|Any CPU
		{34E694CA-F1C7-4767-B18E-6601744AD79C}.Debug|Any CPU.Build.0 = Debug|Any CPU
		{34E694CA-F1C7-4767-B18E-6601744AD79C}.Release|Any CPU.ActiveCfg = Release|Any CPU
		{34E694CA-F1C7-4767-B18E-6601744AD79C}.Release|Any CPU.Build.0 = Release|Any CPU
		{DBF0873C-5F60-478C-BEBE-2EC688BD8EB2}.Debug|Any CPU.ActiveCfg = Debug|Any CPU
		{DBF0873C-5F60-478C-BEBE-2EC688BD8EB2}.Debug|Any CPU.Build.0 = Debug|Any CPU
		{DBF0873C-5F60-478C-BEBE-2EC688BD8EB2}.Release|Any CPU.ActiveCfg = Release|Any CPU
		{DBF0873C-5F60-478C-BEBE-2EC688BD8EB2}.Release|Any CPU.Build.0 = Release|Any CPU
		{6332D73D-EAC3-482A-A543-C1A03548D70C}.Debug|Any CPU.ActiveCfg = Debug|Any CPU
		{6332D73D-EAC3-482A-A543-C1A03548D70C}.Debug|Any CPU.Build.0 = Debug|Any CPU
		{6332D73D-EAC3-482A-A543-C1A03548D70C}.Release|Any CPU.ActiveCfg = Release|Any CPU
		{6332D73D-EAC3-482A-A543-C1A03548D70C}.Release|Any CPU.Build.0 = Release|Any CPU
		{92029721-BB52-4C8F-82CC-1613A6CD61C1}.Debug|Any CPU.ActiveCfg = Debug|Any CPU
		{92029721-BB52-4C8F-82CC-1613A6CD61C1}.Debug|Any CPU.Build.0 = Debug|Any CPU
		{92029721-BB52-4C8F-82CC-1613A6CD61C1}.Release|Any CPU.ActiveCfg = Release|Any CPU
		{92029721-BB52-4C8F-82CC-1613A6CD61C1}.Release|Any CPU.Build.0 = Release|Any CPU
		{670F6EC0-A972-45F1-AFD3-DCCA26E693A3}.Debug|Any CPU.ActiveCfg = Debug|Any CPU
		{670F6EC0-A972-45F1-AFD3-DCCA26E693A3}.Debug|Any CPU.Build.0 = Debug|Any CPU
		{670F6EC0-A972-45F1-AFD3-DCCA26E693A3}.Release|Any CPU.ActiveCfg = Release|Any CPU
		{670F6EC0-A972-45F1-AFD3-DCCA26E693A3}.Release|Any CPU.Build.0 = Release|Any CPU
		{EA1FB0C8-115A-470F-B898-E7BFDF43336B}.Debug|Any CPU.ActiveCfg = Debug|Any CPU
		{EA1FB0C8-115A-470F-B898-E7BFDF43336B}.Debug|Any CPU.Build.0 = Debug|Any CPU
		{EA1FB0C8-115A-470F-B898-E7BFDF43336B}.Release|Any CPU.ActiveCfg = Release|Any CPU
		{EA1FB0C8-115A-470F-B898-E7BFDF43336B}.Release|Any CPU.Build.0 = Release|Any CPU
		{B8AFE6A0-496E-4974-9097-C51B2419EF58}.Debug|Any CPU.ActiveCfg = Debug|Any CPU
		{B8AFE6A0-496E-4974-9097-C51B2419EF58}.Debug|Any CPU.Build.0 = Debug|Any CPU
		{B8AFE6A0-496E-4974-9097-C51B2419EF58}.Release|Any CPU.ActiveCfg = Release|Any CPU
		{B8AFE6A0-496E-4974-9097-C51B2419EF58}.Release|Any CPU.Build.0 = Release|Any CPU
		{02AA1C86-FE9F-42CC-AA63-16BE20A7AF6E}.Debug|Any CPU.ActiveCfg = Debug|Any CPU
		{02AA1C86-FE9F-42CC-AA63-16BE20A7AF6E}.Debug|Any CPU.Build.0 = Debug|Any CPU
		{02AA1C86-FE9F-42CC-AA63-16BE20A7AF6E}.Release|Any CPU.ActiveCfg = Release|Any CPU
		{02AA1C86-FE9F-42CC-AA63-16BE20A7AF6E}.Release|Any CPU.Build.0 = Release|Any CPU
		{B80356E5-5225-4A82-9BB0-524DC14C93E0}.Debug|Any CPU.ActiveCfg = Debug|Any CPU
		{B80356E5-5225-4A82-9BB0-524DC14C93E0}.Debug|Any CPU.Build.0 = Debug|Any CPU
		{B80356E5-5225-4A82-9BB0-524DC14C93E0}.Release|Any CPU.ActiveCfg = Release|Any CPU
		{B80356E5-5225-4A82-9BB0-524DC14C93E0}.Release|Any CPU.Build.0 = Release|Any CPU
		{4DBDBBA9-8F9B-4702-91CC-C8ABFCA334EF}.Debug|Any CPU.ActiveCfg = Debug|Any CPU
		{4DBDBBA9-8F9B-4702-91CC-C8ABFCA334EF}.Debug|Any CPU.Build.0 = Debug|Any CPU
		{4DBDBBA9-8F9B-4702-91CC-C8ABFCA334EF}.Release|Any CPU.ActiveCfg = Release|Any CPU
		{4DBDBBA9-8F9B-4702-91CC-C8ABFCA334EF}.Release|Any CPU.Build.0 = Release|Any CPU
		{DB090788-4FC3-4263-8772-C98F5D9EE4B6}.Debug|Any CPU.ActiveCfg = Debug|Any CPU
		{DB090788-4FC3-4263-8772-C98F5D9EE4B6}.Debug|Any CPU.Build.0 = Debug|Any CPU
		{DB090788-4FC3-4263-8772-C98F5D9EE4B6}.Release|Any CPU.ActiveCfg = Release|Any CPU
		{DB090788-4FC3-4263-8772-C98F5D9EE4B6}.Release|Any CPU.Build.0 = Release|Any CPU
		{21F2F97E-77C3-4E2A-9FFD-A349EAB21C1F}.Debug|Any CPU.ActiveCfg = Debug|Any CPU
		{21F2F97E-77C3-4E2A-9FFD-A349EAB21C1F}.Debug|Any CPU.Build.0 = Debug|Any CPU
		{21F2F97E-77C3-4E2A-9FFD-A349EAB21C1F}.Release|Any CPU.ActiveCfg = Release|Any CPU
		{21F2F97E-77C3-4E2A-9FFD-A349EAB21C1F}.Release|Any CPU.Build.0 = Release|Any CPU
		{EC5E6F8C-67A3-4A8C-B79E-DF1FD4661CAA}.Debug|Any CPU.ActiveCfg = Debug|Any CPU
		{EC5E6F8C-67A3-4A8C-B79E-DF1FD4661CAA}.Debug|Any CPU.Build.0 = Debug|Any CPU
		{EC5E6F8C-67A3-4A8C-B79E-DF1FD4661CAA}.Release|Any CPU.ActiveCfg = Release|Any CPU
		{EC5E6F8C-67A3-4A8C-B79E-DF1FD4661CAA}.Release|Any CPU.Build.0 = Release|Any CPU
		{451A8AD6-7AF3-4D6E-BBEA-EA4CCC71AB3E}.Debug|Any CPU.ActiveCfg = Debug|Any CPU
		{451A8AD6-7AF3-4D6E-BBEA-EA4CCC71AB3E}.Debug|Any CPU.Build.0 = Debug|Any CPU
		{451A8AD6-7AF3-4D6E-BBEA-EA4CCC71AB3E}.Release|Any CPU.ActiveCfg = Release|Any CPU
		{451A8AD6-7AF3-4D6E-BBEA-EA4CCC71AB3E}.Release|Any CPU.Build.0 = Release|Any CPU
		{D9C21FFC-542A-40A1-86ED-AFC6C04B777F}.Debug|Any CPU.ActiveCfg = Debug|Any CPU
		{D9C21FFC-542A-40A1-86ED-AFC6C04B777F}.Debug|Any CPU.Build.0 = Debug|Any CPU
		{D9C21FFC-542A-40A1-86ED-AFC6C04B777F}.Release|Any CPU.ActiveCfg = Release|Any CPU
		{D9C21FFC-542A-40A1-86ED-AFC6C04B777F}.Release|Any CPU.Build.0 = Release|Any CPU
		{C15DC92F-DE93-48FF-ACA9-B1B5D5200B1C}.Debug|Any CPU.ActiveCfg = Debug|Any CPU
		{C15DC92F-DE93-48FF-ACA9-B1B5D5200B1C}.Debug|Any CPU.Build.0 = Debug|Any CPU
		{C15DC92F-DE93-48FF-ACA9-B1B5D5200B1C}.Release|Any CPU.ActiveCfg = Release|Any CPU
		{C15DC92F-DE93-48FF-ACA9-B1B5D5200B1C}.Release|Any CPU.Build.0 = Release|Any CPU
	EndGlobalSection
	GlobalSection(SolutionProperties) = preSolution
		HideSolutionNode = FALSE
	EndGlobalSection
	GlobalSection(NestedProjects) = preSolution
		{210AE5D8-B3DB-4F03-ACFE-92A21947151B} = {D592A14B-52F8-4760-968F-48ACB7472F49}
		{7806943B-EF16-4894-954E-E28916AA4E2F} = {D592A14B-52F8-4760-968F-48ACB7472F49}
		{4A0E37D9-210F-47CE-8E21-9ED6FE3E4272} = {D592A14B-52F8-4760-968F-48ACB7472F49}
		{34E694CA-F1C7-4767-B18E-6601744AD79C} = {D592A14B-52F8-4760-968F-48ACB7472F49}
		{DBF0873C-5F60-478C-BEBE-2EC688BD8EB2} = {D592A14B-52F8-4760-968F-48ACB7472F49}
		{6332D73D-EAC3-482A-A543-C1A03548D70C} = {0F5F18FD-D376-4FB2-A34E-BCE76BD6F44E}
		{92029721-BB52-4C8F-82CC-1613A6CD61C1} = {0F5F18FD-D376-4FB2-A34E-BCE76BD6F44E}
		{670F6EC0-A972-45F1-AFD3-DCCA26E693A3} = {0F5F18FD-D376-4FB2-A34E-BCE76BD6F44E}
		{EA1FB0C8-115A-470F-B898-E7BFDF43336B} = {0F5F18FD-D376-4FB2-A34E-BCE76BD6F44E}
		{B8AFE6A0-496E-4974-9097-C51B2419EF58} = {0F5F18FD-D376-4FB2-A34E-BCE76BD6F44E}
		{02AA1C86-FE9F-42CC-AA63-16BE20A7AF6E} = {70499E6C-2F31-4353-9C15-939ED76176A3}
		{B80356E5-5225-4A82-9BB0-524DC14C93E0} = {70499E6C-2F31-4353-9C15-939ED76176A3}
		{4DBDBBA9-8F9B-4702-91CC-C8ABFCA334EF} = {70499E6C-2F31-4353-9C15-939ED76176A3}
		{DB090788-4FC3-4263-8772-C98F5D9EE4B6} = {70499E6C-2F31-4353-9C15-939ED76176A3}
		{21F2F97E-77C3-4E2A-9FFD-A349EAB21C1F} = {883B4996-0FE9-4A71-ABE5-DFFE92EC48C8}
		{EC5E6F8C-67A3-4A8C-B79E-DF1FD4661CAA} = {883B4996-0FE9-4A71-ABE5-DFFE92EC48C8}
		{451A8AD6-7AF3-4D6E-BBEA-EA4CCC71AB3E} = {883B4996-0FE9-4A71-ABE5-DFFE92EC48C8}
		{D9C21FFC-542A-40A1-86ED-AFC6C04B777F} = {883B4996-0FE9-4A71-ABE5-DFFE92EC48C8}
		{C15DC92F-DE93-48FF-ACA9-B1B5D5200B1C} = {FFFFCCDB-A131-40E4-83D9-BECFC7CF0BD0}
	EndGlobalSection
	GlobalSection(ExtensibilityGlobals) = postSolution
		SolutionGuid = {D0AA6CC1-1D1F-48A2-8EBF-0E396AD4D79C}
	EndGlobalSection
EndGlobal
